{
  "requires": true,
  "lockfileVersion": 1,
  "dependencies": {
    "@angular/flex-layout": {
      "version": "7.0.0-beta.22",
      "resolved": "https://registry.npmjs.org/@angular/flex-layout/-/flex-layout-7.0.0-beta.22.tgz",
      "integrity": "sha512-UVsnkfRVqlHeZuOJhhl0DtX7sma68g7iu0ELKk21xrLp4twrzLtf0VHh4i2jE9oYWcRJEi3zK2qYtyTRA5NIGw==",
      "requires": {
        "tslib": "1.9.3"
      }
    },
    "tslib": {
      "version": "1.9.3",
      "resolved": "https://registry.npmjs.org/tslib/-/tslib-1.9.3.tgz",
      "integrity": "sha512-4krF8scpejhaOgqzBEcGM7yDIEfi0/8+8zDRZhNZZ2kjmHJ4hv3zCbQWxoJGz1iw5U0Jl0nma13xzHXcncMavQ=="
    }
  }
}
